
Microsoft Visual Studio Solution File, Format Version 12.00
# Visual Studio Version 16
VisualStudioVersion = 16.0.29519.87
MinimumVisualStudioVersion = 10.0.40219.1
Project("{FAE04EC0-301F-11D3-BF4B-00C04F79EFBC}") = "RedditRss.UWP", "RedditRss\RedditRss.UWP\RedditRss.UWP.csproj", "{FCB9B8D2-93BC-4B89-890A-A253241EA23F}"
EndProject
Project("{FAE04EC0-301F-11D3-BF4B-00C04F79EFBC}") = "RedditRss.Android", "RedditRss\RedditRss.Android\RedditRss.Android.csproj", "{43E83B94-3801-4B7D-A4D9-C197CC6EF02C}"
EndProject
Project("{FAE04EC0-301F-11D3-BF4B-00C04F79EFBC}") = "RedditRss.iOS", "RedditRss\RedditRss.iOS\RedditRss.iOS.csproj", "{54FC675D-192A-4306-A45A-46C88289EC4A}"
EndProject
Project("{FAE04EC0-301F-11D3-BF4B-00C04F79EFBC}") = "RedditRss", "RedditRss\RedditRss\RedditRss.csproj", "{DB9708B8-0F34-4995-8CF5-6954CB8446BE}"
EndProject
Global
	GlobalSection(SolutionConfigurationPlatforms) = preSolution
		Debug|Any CPU = Debug|Any CPU
		Debug|ARM = Debug|ARM
		Debug|iPhone = Debug|iPhone
		Debug|iPhoneSimulator = Debug|iPhoneSimulator
		Debug|x64 = Debug|x64
		Debug|x86 = Debug|x86
		Release|Any CPU = Release|Any CPU
		Release|ARM = Release|ARM
		Release|iPhone = Release|iPhone
		Release|iPhoneSimulator = Release|iPhoneSimulator
		Release|x64 = Release|x64
		Release|x86 = Release|x86
	EndGlobalSection
	GlobalSection(ProjectConfigurationPlatforms) = postSolution
		{FCB9B8D2-93BC-4B89-890A-A253241EA23F}.Debug|Any CPU.ActiveCfg = Debug|x86
		{FCB9B8D2-93BC-4B89-890A-A253241EA23F}.Debug|Any CPU.Build.0 = Debug|x86
		{FCB9B8D2-93BC-4B89-890A-A253241EA23F}.Debug|Any CPU.Deploy.0 = Debug|x86
		{FCB9B8D2-93BC-4B89-890A-A253241EA23F}.Debug|ARM.ActiveCfg = Debug|ARM
		{FCB9B8D2-93BC-4B89-890A-A253241EA23F}.Debug|ARM.Build.0 = Debug|ARM
		{FCB9B8D2-93BC-4B89-890A-A253241EA23F}.Debug|ARM.Deploy.0 = Debug|ARM
		{FCB9B8D2-93BC-4B89-890A-A253241EA23F}.Debug|iPhone.ActiveCfg = Debug|x86
		{FCB9B8D2-93BC-4B89-890A-A253241EA23F}.Debug|iPhone.Build.0 = Debug|x86
		{FCB9B8D2-93BC-4B89-890A-A253241EA23F}.Debug|iPhone.Deploy.0 = Debug|x86
		{FCB9B8D2-93BC-4B89-890A-A253241EA23F}.Debug|iPhoneSimulator.ActiveCfg = Debug|x86
		{FCB9B8D2-93BC-4B89-890A-A253241EA23F}.Debug|iPhoneSimulator.Build.0 = Debug|x86
		{FCB9B8D2-93BC-4B89-890A-A253241EA23F}.Debug|iPhoneSimulator.Deploy.0 = Debug|x86
		{FCB9B8D2-93BC-4B89-890A-A253241EA23F}.Debug|x64.ActiveCfg = Debug|x64
		{FCB9B8D2-93BC-4B89-890A-A253241EA23F}.Debug|x64.Build.0 = Debug|x64
		{FCB9B8D2-93BC-4B89-890A-A253241EA23F}.Debug|x64.Deploy.0 = Debug|x64
		{FCB9B8D2-93BC-4B89-890A-A253241EA23F}.Debug|x86.ActiveCfg = Debug|x86
		{FCB9B8D2-93BC-4B89-890A-A253241EA23F}.Debug|x86.Build.0 = Debug|x86
		{FCB9B8D2-93BC-4B89-890A-A253241EA23F}.Debug|x86.Deploy.0 = Debug|x86
		{FCB9B8D2-93BC-4B89-890A-A253241EA23F}.Release|Any CPU.ActiveCfg = Release|x86
		{FCB9B8D2-93BC-4B89-890A-A253241EA23F}.Release|Any CPU.Build.0 = Release|x86
		{FCB9B8D2-93BC-4B89-890A-A253241EA23F}.Release|Any CPU.Deploy.0 = Release|x86
		{FCB9B8D2-93BC-4B89-890A-A253241EA23F}.Release|ARM.ActiveCfg = Release|ARM
		{FCB9B8D2-93BC-4B89-890A-A253241EA23F}.Release|ARM.Build.0 = Release|ARM
		{FCB9B8D2-93BC-4B89-890A-A253241EA23F}.Release|ARM.Deploy.0 = Release|ARM
		{FCB9B8D2-93BC-4B89-890A-A253241EA23F}.Release|iPhone.ActiveCfg = Release|x86
		{FCB9B8D2-93BC-4B89-890A-A253241EA23F}.Release|iPhone.Build.0 = Release|x86
		{FCB9B8D2-93BC-4B89-890A-A253241EA23F}.Release|iPhone.Deploy.0 = Release|x86
		{FCB9B8D2-93BC-4B89-890A-A253241EA23F}.Release|iPhoneSimulator.ActiveCfg = Release|x86
		{FCB9B8D2-93BC-4B89-890A-A253241EA23F}.Release|iPhoneSimulator.Build.0 = Release|x86
		{FCB9B8D2-93BC-4B89-890A-A253241EA23F}.Release|iPhoneSimulator.Deploy.0 = Release|x86
		{FCB9B8D2-93BC-4B89-890A-A253241EA23F}.Release|x64.ActiveCfg = Release|x64
		{FCB9B8D2-93BC-4B89-890A-A253241EA23F}.Release|x64.Build.0 = Release|x64
		{FCB9B8D2-93BC-4B89-890A-A253241EA23F}.Release|x64.Deploy.0 = Release|x64
		{FCB9B8D2-93BC-4B89-890A-A253241EA23F}.Release|x86.ActiveCfg = Release|x86
		{FCB9B8D2-93BC-4B89-890A-A253241EA23F}.Release|x86.Build.0 = Release|x86
		{FCB9B8D2-93BC-4B89-890A-A253241EA23F}.Release|x86.Deploy.0 = Release|x86
		{43E83B94-3801-4B7D-A4D9-C197CC6EF02C}.Debug|Any CPU.ActiveCfg = Debug|Any CPU
		{43E83B94-3801-4B7D-A4D9-C197CC6EF02C}.Debug|Any CPU.Build.0 = Debug|Any CPU
		{43E83B94-3801-4B7D-A4D9-C197CC6EF02C}.Debug|Any CPU.Deploy.0 = Debug|Any CPU
		{43E83B94-3801-4B7D-A4D9-C197CC6EF02C}.Debug|ARM.ActiveCfg = Debug|Any CPU
		{43E83B94-3801-4B7D-A4D9-C197CC6EF02C}.Debug|ARM.Build.0 = Debug|Any CPU
		{43E83B94-3801-4B7D-A4D9-C197CC6EF02C}.Debug|ARM.Deploy.0 = Debug|Any CPU
		{43E83B94-3801-4B7D-A4D9-C197CC6EF02C}.Debug|iPhone.ActiveCfg = Debug|Any CPU
		{43E83B94-3801-4B7D-A4D9-C197CC6EF02C}.Debug|iPhone.Build.0 = Debug|Any CPU
		{43E83B94-3801-4B7D-A4D9-C197CC6EF02C}.Debug|iPhone.Deploy.0 = Debug|Any CPU
		{43E83B94-3801-4B7D-A4D9-C197CC6EF02C}.Debug|iPhoneSimulator.ActiveCfg = Debug|Any CPU
		{43E83B94-3801-4B7D-A4D9-C197CC6EF02C}.Debug|iPhoneSimulator.Build.0 = Debug|Any CPU
		{43E83B94-3801-4B7D-A4D9-C197CC6EF02C}.Debug|iPhoneSimulator.Deploy.0 = Debug|Any CPU
		{43E83B94-3801-4B7D-A4D9-C197CC6EF02C}.Debug|x64.ActiveCfg = Debug|Any CPU
		{43E83B94-3801-4B7D-A4D9-C197CC6EF02C}.Debug|x64.Build.0 = Debug|Any CPU
		{43E83B94-3801-4B7D-A4D9-C197CC6EF02C}.Debug|x64.Deploy.0 = Debug|Any CPU
		{43E83B94-3801-4B7D-A4D9-C197CC6EF02C}.Debug|x86.ActiveCfg = Debug|Any CPU
		{43E83B94-3801-4B7D-A4D9-C197CC6EF02C}.Debug|x86.Build.0 = Debug|Any CPU
		{43E83B94-3801-4B7D-A4D9-C197CC6EF02C}.Debug|x86.Deploy.0 = Debug|Any CPU
		{43E83B94-3801-4B7D-A4D9-C197CC6EF02C}.Release|Any CPU.ActiveCfg = Release|Any CPU
		{43E83B94-3801-4B7D-A4D9-C197CC6EF02C}.Release|Any CPU.Build.0 = Release|Any CPU
		{43E83B94-3801-4B7D-A4D9-C197CC6EF02C}.Release|Any CPU.Deploy.0 = Release|Any CPU
		{43E83B94-3801-4B7D-A4D9-C197CC6EF02C}.Release|ARM.ActiveCfg = Release|Any CPU
		{43E83B94-3801-4B7D-A4D9-C197CC6EF02C}.Release|ARM.Build.0 = Release|Any CPU
		{43E83B94-3801-4B7D-A4D9-C197CC6EF02C}.Release|ARM.Deploy.0 = Release|Any CPU
		{43E83B94-3801-4B7D-A4D9-C197CC6EF02C}.Release|iPhone.ActiveCfg = Release|Any CPU
		{43E83B94-3801-4B7D-A4D9-C197CC6EF02C}.Release|iPhone.Build.0 = Release|Any CPU
		{43E83B94-3801-4B7D-A4D9-C197CC6EF02C}.Release|iPhone.Deploy.0 = Release|Any CPU
		{43E83B94-3801-4B7D-A4D9-C197CC6EF02C}.Release|iPhoneSimulator.ActiveCfg = Release|Any CPU
		{43E83B94-3801-4B7D-A4D9-C197CC6EF02C}.Release|iPhoneSimulator.Build.0 = Release|Any CPU
		{43E83B94-3801-4B7D-A4D9-C197CC6EF02C}.Release|iPhoneSimulator.Deploy.0 = Release|Any CPU
		{43E83B94-3801-4B7D-A4D9-C197CC6EF02C}.Release|x64.ActiveCfg = Release|Any CPU
		{43E83B94-3801-4B7D-A4D9-C197CC6EF02C}.Release|x64.Build.0 = Release|Any CPU
		{43E83B94-3801-4B7D-A4D9-C197CC6EF02C}.Release|x64.Deploy.0 = Release|Any CPU
		{43E83B94-3801-4B7D-A4D9-C197CC6EF02C}.Release|x86.ActiveCfg = Release|Any CPU
		{43E83B94-3801-4B7D-A4D9-C197CC6EF02C}.Release|x86.Build.0 = Release|Any CPU
		{43E83B94-3801-4B7D-A4D9-C197CC6EF02C}.Release|x86.Deploy.0 = Release|Any CPU
		{54FC675D-192A-4306-A45A-46C88289EC4A}.Debug|Any CPU.ActiveCfg = Debug|iPhone
		{54FC675D-192A-4306-A45A-46C88289EC4A}.Debug|Any CPU.Build.0 = Debug|iPhone
		{54FC675D-192A-4306-A45A-46C88289EC4A}.Debug|Any CPU.Deploy.0 = Debug|iPhone
		{54FC675D-192A-4306-A45A-46C88289EC4A}.Debug|ARM.ActiveCfg = Debug|iPhoneSimulator
		{54FC675D-192A-4306-A45A-46C88289EC4A}.Debug|ARM.Build.0 = Debug|iPhoneSimulator
		{54FC675D-192A-4306-A45A-46C88289EC4A}.Debug|ARM.Deploy.0 = Debug|iPhoneSimulator
		{54FC675D-192A-4306-A45A-46C88289EC4A}.Debug|iPhone.ActiveCfg = Debug|iPhone
		{54FC675D-192A-4306-A45A-46C88289EC4A}.Debug|iPhone.Build.0 = Debug|iPhone
		{54FC675D-192A-4306-A45A-46C88289EC4A}.Debug|iPhone.Deploy.0 = Debug|iPhone
		{54FC675D-192A-4306-A45A-46C88289EC4A}.Debug|iPhoneSimulator.ActiveCfg = Debug|iPhoneSimulator
		{54FC675D-192A-4306-A45A-46C88289EC4A}.Debug|iPhoneSimulator.Build.0 = Debug|iPhoneSimulator
		{54FC675D-192A-4306-A45A-46C88289EC4A}.Debug|iPhoneSimulator.Deploy.0 = Debug|iPhoneSimulator
		{54FC675D-192A-4306-A45A-46C88289EC4A}.Debug|x64.ActiveCfg = Debug|iPhone
		{54FC675D-192A-4306-A45A-46C88289EC4A}.Debug|x64.Build.0 = Debug|iPhone
		{54FC675D-192A-4306-A45A-46C88289EC4A}.Debug|x64.Deploy.0 = Debug|iPhone
		{54FC675D-192A-4306-A45A-46C88289EC4A}.Debug|x86.ActiveCfg = Debug|iPhone
		{54FC675D-192A-4306-A45A-46C88289EC4A}.Debug|x86.Build.0 = Debug|iPhone
		{54FC675D-192A-4306-A45A-46C88289EC4A}.Debug|x86.Deploy.0 = Debug|iPhone
		{54FC675D-192A-4306-A45A-46C88289EC4A}.Release|Any CPU.ActiveCfg = Release|iPhone
		{54FC675D-192A-4306-A45A-46C88289EC4A}.Release|Any CPU.Build.0 = Release|iPhone
		{54FC675D-192A-4306-A45A-46C88289EC4A}.Release|Any CPU.Deploy.0 = Release|iPhone
		{54FC675D-192A-4306-A45A-46C88289EC4A}.Release|ARM.ActiveCfg = Release|iPhone
		{54FC675D-192A-4306-A45A-46C88289EC4A}.Release|ARM.Build.0 = Release|iPhone
		{54FC675D-192A-4306-A45A-46C88289EC4A}.Release|ARM.Deploy.0 = Release|iPhone
		{54FC675D-192A-4306-A45A-46C88289EC4A}.Release|iPhone.ActiveCfg = Release|iPhone
		{54FC675D-192A-4306-A45A-46C88289EC4A}.Release|iPhone.Build.0 = Release|iPhone
		{54FC675D-192A-4306-A45A-46C88289EC4A}.Release|iPhone.Deploy.0 = Release|iPhone
		{54FC675D-192A-4306-A45A-46C88289EC4A}.Release|iPhoneSimulator.ActiveCfg = Release|iPhoneSimulator
		{54FC675D-192A-4306-A45A-46C88289EC4A}.Release|iPhoneSimulator.Build.0 = Release|iPhoneSimulator
		{54FC675D-192A-4306-A45A-46C88289EC4A}.Release|iPhoneSimulator.Deploy.0 = Release|iPhoneSimulator
		{54FC675D-192A-4306-A45A-46C88289EC4A}.Release|x64.ActiveCfg = Release|iPhone
		{54FC675D-192A-4306-A45A-46C88289EC4A}.Release|x64.Build.0 = Release|iPhone
		{54FC675D-192A-4306-A45A-46C88289EC4A}.Release|x64.Deploy.0 = Release|iPhone
		{54FC675D-192A-4306-A45A-46C88289EC4A}.Release|x86.ActiveCfg = Release|iPhone
		{54FC675D-192A-4306-A45A-46C88289EC4A}.Release|x86.Build.0 = Release|iPhone
		{54FC675D-192A-4306-A45A-46C88289EC4A}.Release|x86.Deploy.0 = Release|iPhone
		{DB9708B8-0F34-4995-8CF5-6954CB8446BE}.Debug|Any CPU.ActiveCfg = Debug|Any CPU
		{DB9708B8-0F34-4995-8CF5-6954CB8446BE}.Debug|Any CPU.Build.0 = Debug|Any CPU
		{DB9708B8-0F34-4995-8CF5-6954CB8446BE}.Debug|Any CPU.Deploy.0 = Debug|Any CPU
		{DB9708B8-0F34-4995-8CF5-6954CB8446BE}.Debug|ARM.ActiveCfg = Debug|Any CPU
		{DB9708B8-0F34-4995-8CF5-6954CB8446BE}.Debug|ARM.Build.0 = Debug|Any CPU
		{DB9708B8-0F34-4995-8CF5-6954CB8446BE}.Debug|ARM.Deploy.0 = Debug|Any CPU
		{DB9708B8-0F34-4995-8CF5-6954CB8446BE}.Debug|iPhone.ActiveCfg = Debug|Any CPU
		{DB9708B8-0F34-4995-8CF5-6954CB8446BE}.Debug|iPhone.Build.0 = Debug|Any CPU
		{DB9708B8-0F34-4995-8CF5-6954CB8446BE}.Debug|iPhone.Deploy.0 = Debug|Any CPU
		{DB9708B8-0F34-4995-8CF5-6954CB8446BE}.Debug|iPhoneSimulator.ActiveCfg = Debug|Any CPU
		{DB9708B8-0F34-4995-8CF5-6954CB8446BE}.Debug|iPhoneSimulator.Build.0 = Debug|Any CPU
		{DB9708B8-0F34-4995-8CF5-6954CB8446BE}.Debug|iPhoneSimulator.Deploy.0 = Debug|Any CPU
		{DB9708B8-0F34-4995-8CF5-6954CB8446BE}.Debug|x64.ActiveCfg = Debug|Any CPU
		{DB9708B8-0F34-4995-8CF5-6954CB8446BE}.Debug|x64.Build.0 = Debug|Any CPU
		{DB9708B8-0F34-4995-8CF5-6954CB8446BE}.Debug|x64.Deploy.0 = Debug|Any CPU
		{DB9708B8-0F34-4995-8CF5-6954CB8446BE}.Debug|x86.ActiveCfg = Debug|Any CPU
		{DB9708B8-0F34-4995-8CF5-6954CB8446BE}.Debug|x86.Build.0 = Debug|Any CPU
		{DB9708B8-0F34-4995-8CF5-6954CB8446BE}.Debug|x86.Deploy.0 = Debug|Any CPU
		{DB9708B8-0F34-4995-8CF5-6954CB8446BE}.Release|Any CPU.ActiveCfg = Release|Any CPU
		{DB9708B8-0F34-4995-8CF5-6954CB8446BE}.Release|Any CPU.Build.0 = Release|Any CPU
		{DB9708B8-0F34-4995-8CF5-6954CB8446BE}.Release|Any CPU.Deploy.0 = Release|Any CPU
		{DB9708B8-0F34-4995-8CF5-6954CB8446BE}.Release|ARM.ActiveCfg = Release|Any CPU
		{DB9708B8-0F34-4995-8CF5-6954CB8446BE}.Release|ARM.Build.0 = Release|Any CPU
		{DB9708B8-0F34-4995-8CF5-6954CB8446BE}.Release|ARM.Deploy.0 = Release|Any CPU
		{DB9708B8-0F34-4995-8CF5-6954CB8446BE}.Release|iPhone.ActiveCfg = Release|Any CPU
		{DB9708B8-0F34-4995-8CF5-6954CB8446BE}.Release|iPhone.Build.0 = Release|Any CPU
		{DB9708B8-0F34-4995-8CF5-6954CB8446BE}.Release|iPhone.Deploy.0 = Release|Any CPU
		{DB9708B8-0F34-4995-8CF5-6954CB8446BE}.Release|iPhoneSimulator.ActiveCfg = Release|Any CPU
		{DB9708B8-0F34-4995-8CF5-6954CB8446BE}.Release|iPhoneSimulator.Build.0 = Release|Any CPU
		{DB9708B8-0F34-4995-8CF5-6954CB8446BE}.Release|iPhoneSimulator.Deploy.0 = Release|Any CPU
		{DB9708B8-0F34-4995-8CF5-6954CB8446BE}.Release|x64.ActiveCfg = Release|Any CPU
		{DB9708B8-0F34-4995-8CF5-6954CB8446BE}.Release|x64.Build.0 = Release|Any CPU
		{DB9708B8-0F34-4995-8CF5-6954CB8446BE}.Release|x64.Deploy.0 = Release|Any CPU
		{DB9708B8-0F34-4995-8CF5-6954CB8446BE}.Release|x86.ActiveCfg = Release|Any CPU
		{DB9708B8-0F34-4995-8CF5-6954CB8446BE}.Release|x86.Build.0 = Release|Any CPU
		{DB9708B8-0F34-4995-8CF5-6954CB8446BE}.Release|x86.Deploy.0 = Release|Any CPU
	EndGlobalSection
	GlobalSection(SolutionProperties) = preSolution
		HideSolutionNode = FALSE
	EndGlobalSection
	GlobalSection(ExtensibilityGlobals) = postSolution
		SolutionGuid = {09221869-79C3-42A9-8FDE-59A0784E79C6}
	EndGlobalSection
EndGlobal
